{
  "name": "associationnode",
  "version": "1.0.0",
  "lockfileVersion": 1,
  "requires": true,
  "dependencies": {
    "js-combinatorics": {
      "version": "0.5.3",
      "resolved": "https://registry.npmjs.org/js-combinatorics/-/js-combinatorics-0.5.3.tgz",
      "integrity": "sha512-egCSKDP7vcTlwSyIVuipmGc4Btxpb8ftQ+dhRMgQHJ9JwifXS/yBeTokLADjoJmip4T20yEMJK4YT/DNkOTUtQ=="
    },
    "lodash": {
      "version": "4.17.5",
      "resolved": "https://registry.npmjs.org/lodash/-/lodash-4.17.5.tgz",
      "integrity": "sha512-svL3uiZf1RwhH+cWrfZn3A4+U58wbP0tGVTLQPbjplZxZ8ROD9VLuNgsRniTlLe7OlSqR79RUehXgpBW/s0IQw=="
    }
  }
}
